
Microsoft Visual Studio Solution File, Format Version 12.00
# Visual Studio Version 17
VisualStudioVersion = 17.14.37027.9 d17.14
MinimumVisualStudioVersion = 10.0.40219.1
Project("{2150E333-8FDC-42A3-9474-1A3956D46DE8}") = "src", "src", "{36D591C7-65C7-A0D1-1CBC-10CDE441BDC8}"
EndProject
Project("{FAE04EC0-301F-11D3-BF4B-00C04F79EFBC}") = "LaboratoryColor.Domain", "src\LaboratoryColor.Domain\LaboratoryColor.Domain.csproj", "{8043131E-60B5-4100-AF01-9E6ECF54BB66}"
EndProject
Project("{FAE04EC0-301F-11D3-BF4B-00C04F79EFBC}") = "LaboratoryColor.API", "src\LaboratoryColor.API\LaboratoryColor.API.csproj", "{64161350-EA74-4786-B867-07AD088497EA}"
EndProject
Project("{FAE04EC0-301F-11D3-BF4B-00C04F79EFBC}") = "LaboratoryColor.Application", "src\LaboratoryColor.Application\LaboratoryColor.Application.csproj", "{48925D1D-B1F6-43DE-9F98-14B59771FFC0}"
EndProject
Project("{FAE04EC0-301F-11D3-BF4B-00C04F79EFBC}") = "LaboratoryColor.Infrastructure", "src\LaboratoryColor.Infrastructure\LaboratoryColor.Infrastructure.csproj", "{340EAE65-DB8F-4788-90C8-B4BEB6188659}"
EndProject
Project("{2150E333-8FDC-42A3-9474-1A3956D46DE8}") = "tests", "tests", "{02023320-C400-40E4-939C-8CC2819E21E0}"
EndProject
Project("{FAE04EC0-301F-11D3-BF4B-00C04F79EFBC}") = "LaboratoryColor.Tests", "test\LaboratoryColor.Tests\LaboratoryColor.Tests.csproj", "{D9C7D9A8-3BFF-4D8D-8D7F-0C1F243694D8}"
EndProject
Global
	GlobalSection(SolutionConfigurationPlatforms) = preSolution
		Debug|Any CPU = Debug|Any CPU
		Release|Any CPU = Release|Any CPU
	EndGlobalSection
	GlobalSection(ProjectConfigurationPlatforms) = postSolution
		{8043131E-60B5-4100-AF01-9E6ECF54BB66}.Debug|Any CPU.ActiveCfg = Debug|Any CPU
		{8043131E-60B5-4100-AF01-9E6ECF54BB66}.Debug|Any CPU.Build.0 = Debug|Any CPU
		{8043131E-60B5-4100-AF01-9E6ECF54BB66}.Release|Any CPU.ActiveCfg = Release|Any CPU
		{8043131E-60B5-4100-AF01-9E6ECF54BB66}.Release|Any CPU.Build.0 = Release|Any CPU
		{64161350-EA74-4786-B867-07AD088497EA}.Debug|Any CPU.ActiveCfg = Debug|Any CPU
		{64161350-EA74-4786-B867-07AD088497EA}.Debug|Any CPU.Build.0 = Debug|Any CPU
		{64161350-EA74-4786-B867-07AD088497EA}.Release|Any CPU.ActiveCfg = Release|Any CPU
		{64161350-EA74-4786-B867-07AD088497EA}.Release|Any CPU.Build.0 = Release|Any CPU
		{48925D1D-B1F6-43DE-9F98-14B59771FFC0}.Debug|Any CPU.ActiveCfg = Debug|Any CPU
		{48925D1D-B1F6-43DE-9F98-14B59771FFC0}.Debug|Any CPU.Build.0 = Debug|Any CPU
		{48925D1D-B1F6-43DE-9F98-14B59771FFC0}.Release|Any CPU.ActiveCfg = Release|Any CPU
		{48925D1D-B1F6-43DE-9F98-14B59771FFC0}.Release|Any CPU.Build.0 = Release|Any CPU
		{340EAE65-DB8F-4788-90C8-B4BEB6188659}.Debug|Any CPU.ActiveCfg = Debug|Any CPU
		{340EAE65-DB8F-4788-90C8-B4BEB6188659}.Debug|Any CPU.Build.0 = Debug|Any CPU
		{340EAE65-DB8F-4788-90C8-B4BEB6188659}.Release|Any CPU.ActiveCfg = Release|Any CPU
		{340EAE65-DB8F-4788-90C8-B4BEB6188659}.Release|Any CPU.Build.0 = Release|Any CPU
		{D9C7D9A8-3BFF-4D8D-8D7F-0C1F243694D8}.Debug|Any CPU.ActiveCfg = Debug|Any CPU
		{D9C7D9A8-3BFF-4D8D-8D7F-0C1F243694D8}.Debug|Any CPU.Build.0 = Debug|Any CPU
		{D9C7D9A8-3BFF-4D8D-8D7F-0C1F243694D8}.Release|Any CPU.ActiveCfg = Release|Any CPU
		{D9C7D9A8-3BFF-4D8D-8D7F-0C1F243694D8}.Release|Any CPU.Build.0 = Release|Any CPU
	EndGlobalSection
	GlobalSection(SolutionProperties) = preSolution
		HideSolutionNode = FALSE
	EndGlobalSection
	GlobalSection(NestedProjects) = preSolution
		{8043131E-60B5-4100-AF01-9E6ECF54BB66} = {36D591C7-65C7-A0D1-1CBC-10CDE441BDC8}
		{64161350-EA74-4786-B867-07AD088497EA} = {36D591C7-65C7-A0D1-1CBC-10CDE441BDC8}
		{48925D1D-B1F6-43DE-9F98-14B59771FFC0} = {36D591C7-65C7-A0D1-1CBC-10CDE441BDC8}
		{340EAE65-DB8F-4788-90C8-B4BEB6188659} = {36D591C7-65C7-A0D1-1CBC-10CDE441BDC8}
		{D9C7D9A8-3BFF-4D8D-8D7F-0C1F243694D8} = {02023320-C400-40E4-939C-8CC2819E21E0}
	EndGlobalSection
	GlobalSection(ExtensibilityGlobals) = postSolution
		SolutionGuid = {E01D85BC-D899-4A18-98BA-B7347ABC6027}
	EndGlobalSection
EndGlobal
